// !$*UTF8*$!
{
	archiveVersion = 1;
	classes = {
	};
	objectVersion = 45;
	objects = {

/* Begin PBXBuildFile section */
		1D3623260D0F684500981E51 /* FractalViewerAppDelegate.m in Sources */ = {isa = PBXBuildFile; fileRef = 1D3623250D0F684500981E51 /* FractalViewerAppDelegate.m */; };
		1D60589B0D05DD56006BFB54 /* main.m in Sources */ = {isa = PBXBuildFile; fileRef = 29B97316FDCFA39411CA2CEA /* main.m */; };
		1D60589F0D05DD5A006BFB54 /* Foundation.framework in Frameworks */ = {isa = PBXBuildFile; fileRef = 1D30AB110D05D00D00671497 /* Foundation.framework */; };
		1DF5F4E00D08C38300B7A737 /* UIKit.framework in Frameworks */ = {isa = PBXBuildFile; fileRef = 1DF5F4DF0D08C38300B7A737 /* UIKit.framework */; };
		2892E4100DC94CBA00A64D0F /* CoreGraphics.framework in Frameworks */ = {isa = PBXBuildFile; fileRef = 2892E40F0DC94CBA00A64D0F /* CoreGraphics.framework */; };
		28AD73600D9D9599002E5188 /* MainWindow.xib in Resources */ = {isa = PBXBuildFile; fileRef = 28AD735F0D9D9599002E5188 /* MainWindow.xib */; };
		28C286E10D94DF7D0034E888 /* RootViewController.m in Sources */ = {isa = PBXBuildFile; fileRef = 28C286E00D94DF7D0034E888 /* RootViewController.m */; };
		28F335F11007B36200424DE2 /* RootViewController.xib in Resources */ = {isa = PBXBuildFile; fileRef = 28F335F01007B36200424DE2 /* RootViewController.xib */; };
		8C23D0E2106D3FA100C3C4E4 /* Canvas.m in Sources */ = {isa = PBXBuildFile; fileRef = 8C23D0D3106D3FA100C3C4E4 /* Canvas.m */; };
		8C23D0E3106D3FA100C3C4E4 /* ColoredMandelbrotSet.m in Sources */ = {isa = PBXBuildFile; fileRef = 8C23D0D5106D3FA100C3C4E4 /* ColoredMandelbrotSet.m */; };
		8C23D0E4106D3FA100C3C4E4 /* Coordinate.m in Sources */ = {isa = PBXBuildFile; fileRef = 8C23D0D7106D3FA100C3C4E4 /* Coordinate.m */; };
		8C23D0E5106D3FA100C3C4E4 /* FractalViewController.m in Sources */ = {isa = PBXBuildFile; fileRef = 8C23D0D9106D3FA100C3C4E4 /* FractalViewController.m */; };
		8C23D0E6106D3FA100C3C4E4 /* LogisticMap.m in Sources */ = {isa = PBXBuildFile; fileRef = 8C23D0DB106D3FA100C3C4E4 /* LogisticMap.m */; };
		8C23D0E7106D3FA100C3C4E4 /* MandelbrotSet.m in Sources */ = {isa = PBXBuildFile; fileRef = 8C23D0DD106D3FA100C3C4E4 /* MandelbrotSet.m */; };
		8C23D0E8106D3FA100C3C4E4 /* RevertableScrollView.m in Sources */ = {isa = PBXBuildFile; fileRef = 8C23D0DF106D3FA100C3C4E4 /* RevertableScrollView.m */; };
		8C23D0E9106D3FA100C3C4E4 /* TouchSensitiveView.m in Sources */ = {isa = PBXBuildFile; fileRef = 8C23D0E1106D3FA100C3C4E4 /* TouchSensitiveView.m */; };
		8C7ACF191071D9BC002503FB /* ifoneicon6.jpg in Resources */ = {isa = PBXBuildFile; fileRef = 8C7ACF181071D9BC002503FB /* ifoneicon6.jpg */; };
		8CE481EB106D36E4001F76C2 /* FractalViewController.xib in Resources */ = {isa = PBXBuildFile; fileRef = 8CE481EA106D36E4001F76C2 /* FractalViewController.xib */; };
/* End PBXBuildFile section */

/* Begin PBXFileReference section */
		1D30AB110D05D00D00671497 /* Foundation.framework */ = {isa = PBXFileReference; lastKnownFileType = wrapper.framework; name = Foundation.framework; path = System/Library/Frameworks/Foundation.framework; sourceTree = SDKROOT; };
		1D3623240D0F684500981E51 /* FractalViewerAppDelegate.h */ = {isa = PBXFileReference; fileEncoding = 4; lastKnownFileType = sourcecode.c.h; path = FractalViewerAppDelegate.h; sourceTree = "<group>"; };
		1D3623250D0F684500981E51 /* FractalViewerAppDelegate.m */ = {isa = PBXFileReference; fileEncoding = 4; lastKnownFileType = sourcecode.c.objc; path = FractalViewerAppDelegate.m; sourceTree = "<group>"; };
		1D6058910D05DD3D006BFB54 /* FractalViewer.app */ = {isa = PBXFileReference; explicitFileType = wrapper.application; includeInIndex = 0; path = FractalViewer.app; sourceTree = BUILT_PRODUCTS_DIR; };
		1DF5F4DF0D08C38300B7A737 /* UIKit.framework */ = {isa = PBXFileReference; lastKnownFileType = wrapper.framework; name = UIKit.framework; path = System/Library/Frameworks/UIKit.framework; sourceTree = SDKROOT; };
		2892E40F0DC94CBA00A64D0F /* CoreGraphics.framework */ = {isa = PBXFileReference; lastKnownFileType = wrapper.framework; name = CoreGraphics.framework; path = System/Library/Frameworks/CoreGraphics.framework; sourceTree = SDKROOT; };
		28A0AAE50D9B0CCF005BE974 /* FractalViewer_Prefix.pch */ = {isa = PBXFileReference; fileEncoding = 4; lastKnownFileType = sourcecode.c.h; path = FractalViewer_Prefix.pch; sourceTree = "<group>"; };
		28AD735F0D9D9599002E5188 /* MainWindow.xib */ = {isa = PBXFileReference; lastKnownFileType = file.xib; path = MainWindow.xib; sourceTree = "<group>"; };
		28C286DF0D94DF7D0034E888 /* RootViewController.h */ = {isa = PBXFileReference; fileEncoding = 4; lastKnownFileType = sourcecode.c.h; path = RootViewController.h; sourceTree = "<group>"; };
		28C286E00D94DF7D0034E888 /* RootViewController.m */ = {isa = PBXFileReference; fileEncoding = 4; lastKnownFileType = sourcecode.c.objc; path = RootViewController.m; sourceTree = "<group>"; };
		28F335F01007B36200424DE2 /* RootViewController.xib */ = {isa = PBXFileReference; lastKnownFileType = file.xib; path = RootViewController.xib; sourceTree = "<group>"; };
		29B97316FDCFA39411CA2CEA /* main.m */ = {isa = PBXFileReference; fileEncoding = 4; lastKnownFileType = sourcecode.c.objc; path = main.m; sourceTree = "<group>"; };
		8C23D0D2106D3FA100C3C4E4 /* Canvas.h */ = {isa = PBXFileReference; fileEncoding = 4; lastKnownFileType = sourcecode.c.h; path = Canvas.h; sourceTree = "<group>"; };
		8C23D0D3106D3FA100C3C4E4 /* Canvas.m */ = {isa = PBXFileReference; fileEncoding = 4; lastKnownFileType = sourcecode.c.objc; path = Canvas.m; sourceTree = "<group>"; };
		8C23D0D4106D3FA100C3C4E4 /* ColoredMandelbrotSet.h */ = {isa = PBXFileReference; fileEncoding = 4; lastKnownFileType = sourcecode.c.h; path = ColoredMandelbrotSet.h; sourceTree = "<group>"; };
		8C23D0D5106D3FA100C3C4E4 /* ColoredMandelbrotSet.m */ = {isa = PBXFileReference; fileEncoding = 4; lastKnownFileType = sourcecode.c.objc; path = ColoredMandelbrotSet.m; sourceTree = "<group>"; };
		8C23D0D6106D3FA100C3C4E4 /* Coordinate.h */ = {isa = PBXFileReference; fileEncoding = 4; lastKnownFileType = sourcecode.c.h; path = Coordinate.h; sourceTree = "<group>"; };
		8C23D0D7106D3FA100C3C4E4 /* Coordinate.m */ = {isa = PBXFileReference; fileEncoding = 4; lastKnownFileType = sourcecode.c.objc; path = Coordinate.m; sourceTree = "<group>"; };
		8C23D0D8106D3FA100C3C4E4 /* FractalViewController.h */ = {isa = PBXFileReference; fileEncoding = 4; lastKnownFileType = sourcecode.c.h; path = FractalViewController.h; sourceTree = "<group>"; };
		8C23D0D9106D3FA100C3C4E4 /* FractalViewController.m */ = {isa = PBXFileReference; fileEncoding = 4; lastKnownFileType = sourcecode.c.objc; path = FractalViewController.m; sourceTree = "<group>"; };
		8C23D0DA106D3FA100C3C4E4 /* LogisticMap.h */ = {isa = PBXFileReference; fileEncoding = 4; lastKnownFileType = sourcecode.c.h; path = LogisticMap.h; sourceTree = "<group>"; };
		8C23D0DB106D3FA100C3C4E4 /* LogisticMap.m */ = {isa = PBXFileReference; fileEncoding = 4; lastKnownFileType = sourcecode.c.objc; path = LogisticMap.m; sourceTree = "<group>"; };
		8C23D0DC106D3FA100C3C4E4 /* MandelbrotSet.h */ = {isa = PBXFileReference; fileEncoding = 4; lastKnownFileType = sourcecode.c.h; path = MandelbrotSet.h; sourceTree = "<group>"; };
		8C23D0DD106D3FA100C3C4E4 /* MandelbrotSet.m */ = {isa = PBXFileReference; fileEncoding = 4; lastKnownFileType = sourcecode.c.objc; path = MandelbrotSet.m; sourceTree = "<group>"; };
		8C23D0DE106D3FA100C3C4E4 /* RevertableScrollView.h */ = {isa = PBXFileReference; fileEncoding = 4; lastKnownFileType = sourcecode.c.h; path = RevertableScrollView.h; sourceTree = "<group>"; };
		8C23D0DF106D3FA100C3C4E4 /* RevertableScrollView.m */ = {isa = PBXFileReference; fileEncoding = 4; lastKnownFileType = sourcecode.c.objc; path = RevertableScrollView.m; sourceTree = "<group>"; };
		8C23D0E0106D3FA100C3C4E4 /* TouchSensitiveView.h */ = {isa = PBXFileReference; fileEncoding = 4; lastKnownFileType = sourcecode.c.h; path = TouchSensitiveView.h; sourceTree = "<group>"; };
		8C23D0E1106D3FA100C3C4E4 /* TouchSensitiveView.m */ = {isa = PBXFileReference; fileEncoding = 4; lastKnownFileType = sourcecode.c.objc; path = TouchSensitiveView.m; sourceTree = "<group>"; };
		8C7ACF181071D9BC002503FB /* ifoneicon6.jpg */ = {isa = PBXFileReference; lastKnownFileType = image.jpeg; path = ifoneicon6.jpg; sourceTree = "<group>"; };
		8CE481EA106D36E4001F76C2 /* FractalViewController.xib */ = {isa = PBXFileReference; lastKnownFileType = file.xib; path = FractalViewController.xib; sourceTree = "<group>"; };
		8D1107310486CEB800E47090 /* FractalViewer-Info.plist */ = {isa = PBXFileReference; fileEncoding = 4; lastKnownFileType = text.plist.xml; path = "FractalViewer-Info.plist"; plistStructureDefinitionIdentifier = "com.apple.xcode.plist.structure-definition.iphone.info-plist"; sourceTree = "<group>"; };
/* End PBXFileReference section */

/* Begin PBXFrameworksBuildPhase section */
		1D60588F0D05DD3D006BFB54 /* Frameworks */ = {
			isa = PBXFrameworksBuildPhase;
			buildActionMask = 2147483647;
			files = (
				1D60589F0D05DD5A006BFB54 /* Foundation.framework in Frameworks */,
				1DF5F4E00D08C38300B7A737 /* UIKit.framework in Frameworks */,
				2892E4100DC94CBA00A64D0F /* CoreGraphics.framework in Frameworks */,
			);
			runOnlyForDeploymentPostprocessing = 0;
		};
/* End PBXFrameworksBuildPhase section */

/* Begin PBXGroup section */
		080E96DDFE201D6D7F000001 /* Classes */ = {
			isa = PBXGroup;
			children = (
				8CE48191106D305D001F76C2 /* Fractal */,
				28C286DF0D94DF7D0034E888 /* RootViewController.h */,
				28C286E00D94DF7D0034E888 /* RootViewController.m */,
				1D3623240D0F684500981E51 /* FractalViewerAppDelegate.h */,
				1D3623250D0F684500981E51 /* FractalViewerAppDelegate.m */,
			);
			path = Classes;
			sourceTree = "<group>";
		};
		19C28FACFE9D520D11CA2CBB /* Products */ = {
			isa = PBXGroup;
			children = (
				1D6058910D05DD3D006BFB54 /* FractalViewer.app */,
			);
			name = Products;
			sourceTree = "<group>";
		};
		29B97314FDCFA39411CA2CEA /* CustomTemplate */ = {
			isa = PBXGroup;
			children = (
				8C7ACF181071D9BC002503FB /* ifoneicon6.jpg */,
				080E96DDFE201D6D7F000001 /* Classes */,
				29B97315FDCFA39411CA2CEA /* Other Sources */,
				29B97317FDCFA39411CA2CEA /* Resources */,
				29B97323FDCFA39411CA2CEA /* Frameworks */,
				19C28FACFE9D520D11CA2CBB /* Products */,
			);
			name = CustomTemplate;
			sourceTree = "<group>";
		};
		29B97315FDCFA39411CA2CEA /* Other Sources */ = {
			isa = PBXGroup;
			children = (
				28A0AAE50D9B0CCF005BE974 /* FractalViewer_Prefix.pch */,
				29B97316FDCFA39411CA2CEA /* main.m */,
			);
			name = "Other Sources";
			sourceTree = "<group>";
		};
		29B97317FDCFA39411CA2CEA /* Resources */ = {
			isa = PBXGroup;
			children = (
				28F335F01007B36200424DE2 /* RootViewController.xib */,
				28AD735F0D9D9599002E5188 /* MainWindow.xib */,
				8D1107310486CEB800E47090 /* FractalViewer-Info.plist */,
				8CE481EA106D36E4001F76C2 /* FractalViewController.xib */,
			);
			name = Resources;
			sourceTree = "<group>";
		};
		29B97323FDCFA39411CA2CEA /* Frameworks */ = {
			isa = PBXGroup;
			children = (
				1DF5F4DF0D08C38300B7A737 /* UIKit.framework */,
				1D30AB110D05D00D00671497 /* Foundation.framework */,
				2892E40F0DC94CBA00A64D0F /* CoreGraphics.framework */,
			);
			name = Frameworks;
			sourceTree = "<group>";
		};
		8CE48191106D305D001F76C2 /* Fractal */ = {
			isa = PBXGroup;
			children = (
				8CE48193106D30B5001F76C2 /* maps */,
				8C23D0D8106D3FA100C3C4E4 /* FractalViewController.h */,
				8C23D0D9106D3FA100C3C4E4 /* FractalViewController.m */,
				8C23D0DE106D3FA100C3C4E4 /* RevertableScrollView.h */,
				8C23D0DF106D3FA100C3C4E4 /* RevertableScrollView.m */,
				8C23D0E0106D3FA100C3C4E4 /* TouchSensitiveView.h */,
				8C23D0E1106D3FA100C3C4E4 /* TouchSensitiveView.m */,
				8C23D0D2106D3FA100C3C4E4 /* Canvas.h */,
				8C23D0D3106D3FA100C3C4E4 /* Canvas.m */,
			);
			name = Fractal;
			sourceTree = "<group>";
		};
		8CE48193106D30B5001F76C2 /* maps */ = {
			isa = PBXGroup;
			children = (
				8C23D0D6106D3FA100C3C4E4 /* Coordinate.h */,
				8C23D0D7106D3FA100C3C4E4 /* Coordinate.m */,
				8C23D0D4106D3FA100C3C4E4 /* ColoredMandelbrotSet.h */,
				8C23D0D5106D3FA100C3C4E4 /* ColoredMandelbrotSet.m */,
				8C23D0DA106D3FA100C3C4E4 /* LogisticMap.h */,
				8C23D0DB106D3FA100C3C4E4 /* LogisticMap.m */,
				8C23D0DC106D3FA100C3C4E4 /* MandelbrotSet.h */,
				8C23D0DD106D3FA100C3C4E4 /* MandelbrotSet.m */,
			);
			name = maps;
			sourceTree = "<group>";
		};
/* End PBXGroup section */

/* Begin PBXNativeTarget section */
		1D6058900D05DD3D006BFB54 /* FractalViewer */ = {
			isa = PBXNativeTarget;
			buildConfigurationList = 1D6058960D05DD3E006BFB54 /* Build configuration list for PBXNativeTarget "FractalViewer" */;
			buildPhases = (
				1D60588D0D05DD3D006BFB54 /* Resources */,
				1D60588E0D05DD3D006BFB54 /* Sources */,
				1D60588F0D05DD3D006BFB54 /* Frameworks */,
			);
			buildRules = (
			);
			dependencies = (
			);
			name = FractalViewer;
			productName = FractalViewer;
			productReference = 1D6058910D05DD3D006BFB54 /* FractalViewer.app */;
			productType = "com.apple.product-type.application";
		};
/* End PBXNativeTarget section */

/* Begin PBXProject section */
		29B97313FDCFA39411CA2CEA /* Project object */ = {
			isa = PBXProject;
			buildConfigurationList = C01FCF4E08A954540054247B /* Build configuration list for PBXProject "FractalViewer" */;
			compatibilityVersion = "Xcode 3.1";
			hasScannedForEncodings = 1;
			knownRegions = (
				English,
				Japanese,
				French,
				German,
				en,
			);
			mainGroup = 29B97314FDCFA39411CA2CEA /* CustomTemplate */;
			projectDirPath = "";
			projectRoot = "";
			targets = (
				1D6058900D05DD3D006BFB54 /* FractalViewer */,
			);
		};
/* End PBXProject section */

/* Begin PBXResourcesBuildPhase section */
		1D60588D0D05DD3D006BFB54 /* Resources */ = {
			isa = PBXResourcesBuildPhase;
			buildActionMask = 2147483647;
			files = (
				28AD73600D9D9599002E5188 /* MainWindow.xib in Resources */,
				28F335F11007B36200424DE2 /* RootViewController.xib in Resources */,
				8CE481EB106D36E4001F76C2 /* FractalViewController.xib in Resources */,
				8C7ACF191071D9BC002503FB /* ifoneicon6.jpg in Resources */,
			);
			runOnlyForDeploymentPostprocessing = 0;
		};
/* End PBXResourcesBuildPhase section */

/* Begin PBXSourcesBuildPhase section */
		1D60588E0D05DD3D006BFB54 /* Sources */ = {
			isa = PBXSourcesBuildPhase;
			buildActionMask = 2147483647;
			files = (
				1D60589B0D05DD56006BFB54 /* main.m in Sources */,
				1D3623260D0F684500981E51 /* FractalViewerAppDelegate.m in Sources */,
				28C286E10D94DF7D0034E888 /* RootViewController.m in Sources */,
				8C23D0E2106D3FA100C3C4E4 /* Canvas.m in Sources */,
				8C23D0E3106D3FA100C3C4E4 /* ColoredMandelbrotSet.m in Sources */,
				8C23D0E4106D3FA100C3C4E4 /* Coordinate.m in Sources */,
				8C23D0E5106D3FA100C3C4E4 /* FractalViewController.m in Sources */,
				8C23D0E6106D3FA100C3C4E4 /* LogisticMap.m in Sources */,
				8C23D0E7106D3FA100C3C4E4 /* MandelbrotSet.m in Sources */,
				8C23D0E8106D3FA100C3C4E4 /* RevertableScrollView.m in Sources */,
				8C23D0E9106D3FA100C3C4E4 /* TouchSensitiveView.m in Sources */,
			);
			runOnlyForDeploymentPostprocessing = 0;
		};
/* End PBXSourcesBuildPhase section */

/* Begin XCBuildConfiguration section */
		1D6058940D05DD3E006BFB54 /* Debug */ = {
			isa = XCBuildConfiguration;
			buildSettings = {
				ALWAYS_SEARCH_USER_PATHS = NO;
				COPY_PHASE_STRIP = NO;
				GCC_DYNAMIC_NO_PIC = NO;
				GCC_OPTIMIZATION_LEVEL = 0;
				GCC_PRECOMPILE_PREFIX_HEADER = YES;
				GCC_PREFIX_HEADER = FractalViewer_Prefix.pch;
				INFOPLIST_FILE = "FractalViewer-Info.plist";
				PRODUCT_NAME = FractalViewer;
			};
			name = Debug;
		};
		1D6058950D05DD3E006BFB54 /* Release */ = {
			isa = XCBuildConfiguration;
			buildSettings = {
				ALWAYS_SEARCH_USER_PATHS = NO;
				COPY_PHASE_STRIP = YES;
				GCC_PRECOMPILE_PREFIX_HEADER = YES;
				GCC_PREFIX_HEADER = FractalViewer_Prefix.pch;
				INFOPLIST_FILE = "FractalViewer-Info.plist";
				PRODUCT_NAME = FractalViewer;
			};
			name = Release;
		};
		C01FCF4F08A954540054247B /* Debug */ = {
			isa = XCBuildConfiguration;
			buildSettings = {
				ARCHS = "$(ARCHS_STANDARD_32_BIT)";
				"CODE_SIGN_IDENTITY[sdk=iphoneos*]" = "iPhone Developer";
				GCC_C_LANGUAGE_STANDARD = c99;
				GCC_WARN_ABOUT_RETURN_TYPE = YES;
				GCC_WARN_UNUSED_VARIABLE = YES;
				PREBINDING = NO;
				SDKROOT = iphoneos3.1;
			};
			name = Debug;
		};
		C01FCF5008A954540054247B /* Release */ = {
			isa = XCBuildConfiguration;
			buildSettings = {
				ARCHS = "$(ARCHS_STANDARD_32_BIT)";
				"CODE_SIGN_IDENTITY[sdk=iphoneos*]" = "iPhone Developer";
				GCC_C_LANGUAGE_STANDARD = c99;
				GCC_WARN_ABOUT_RETURN_TYPE = YES;
				GCC_WARN_UNUSED_VARIABLE = YES;
				PREBINDING = NO;
				SDKROOT = iphoneos3.1;
			};
			name = Release;
		};
/* End XCBuildConfiguration section */

/* Begin XCConfigurationList section */
		1D6058960D05DD3E006BFB54 /* Build configuration list for PBXNativeTarget "FractalViewer" */ = {
			isa = XCConfigurationList;
			buildConfigurations = (
				1D6058940D05DD3E006BFB54 /* Debug */,
				1D6058950D05DD3E006BFB54 /* Release */,
			);
			defaultConfigurationIsVisible = 0;
			defaultConfigurationName = Release;
		};
		C01FCF4E08A954540054247B /* Build configuration list for PBXProject "FractalViewer" */ = {
			isa = XCConfigurationList;
			buildConfigurations = (
				C01FCF4F08A954540054247B /* Debug */,
				C01FCF5008A954540054247B /* Release */,
			);
			defaultConfigurationIsVisible = 0;
			defaultConfigurationName = Release;
		};
/* End XCConfigurationList section */
	};
	rootObject = 29B97313FDCFA39411CA2CEA /* Project object */;
}
